
Microsoft Visual Studio Solution File, Format Version 12.00
# Visual Studio Version 16
VisualStudioVersion = 16.0.30907.101
MinimumVisualStudioVersion = 10.0.40219.1
Project("{FAE04EC0-301F-11D3-BF4B-00C04F79EFBC}") = "DictionaryIntro", "DictionaryIntro\DictionaryIntro.csproj", "{C2FA1BBF-4B63-479D-BB2C-9C4EBDB701FB}"
EndProject
Global
	GlobalSection(SolutionConfigurationPlatforms) = preSolution
		Debug|Any CPU = Debug|Any CPU
		Release|Any CPU = Release|Any CPU
	EndGlobalSection
	GlobalSection(ProjectConfigurationPlatforms) = postSolution
		{C2FA1BBF-4B63-479D-BB2C-9C4EBDB701FB}.Debug|Any CPU.ActiveCfg = Debug|Any CPU
		{C2FA1BBF-4B63-479D-BB2C-9C4EBDB701FB}.Debug|Any CPU.Build.0 = Debug|Any CPU
		{C2FA1BBF-4B63-479D-BB2C-9C4EBDB701FB}.Release|Any CPU.ActiveCfg = Release|Any CPU
		{C2FA1BBF-4B63-479D-BB2C-9C4EBDB701FB}.Release|Any CPU.Build.0 = Release|Any CPU
	EndGlobalSection
	GlobalSection(SolutionProperties) = preSolution
		HideSolutionNode = FALSE
	EndGlobalSection
	GlobalSection(ExtensibilityGlobals) = postSolution
		SolutionGuid = {B6600E7B-854C-4A39-8DFC-6C6F1704BE4F}
	EndGlobalSection
EndGlobal
